
Microsoft Visual Studio Solution File, Format Version 12.00
# Visual Studio Version 17
VisualStudioVersion = 17.1.32407.343
MinimumVisualStudioVersion = 10.0.40219.1
Project("{C9674DCB-5085-4A16-B785-4C70DD1589BD}") = "20120281", "20120281\20120281.dtproj", "{A1621C28-017D-40D4-AE33-A069F72ACF7F}"
EndProject
Global
	GlobalSection(SolutionConfigurationPlatforms) = preSolution
		Development|Default = Development|Default
	EndGlobalSection
	GlobalSection(ProjectConfigurationPlatforms) = postSolution
		{A1621C28-017D-40D4-AE33-A069F72ACF7F}.Development|Default.ActiveCfg = Development
		{A1621C28-017D-40D4-AE33-A069F72ACF7F}.Development|Default.Build.0 = Development
	EndGlobalSection
	GlobalSection(SolutionProperties) = preSolution
		HideSolutionNode = FALSE
	EndGlobalSection
	GlobalSection(ExtensibilityGlobals) = postSolution
		SolutionGuid = {378C5E02-6754-4709-90B8-88639EB40408}
	EndGlobalSection
EndGlobal
